// !$*UTF8*$!
{
	archiveVersion = 1;
	classes = {
	};
	objectVersion = 46;
	objects = {

/* Begin PBXBuildFile section */
		7024C3BE1E0BEB260034E89F /* ProfileNewController.swift in Sources */ = {isa = PBXBuildFile; fileRef = 7024C3BD1E0BEB260034E89F /* ProfileNewController.swift */; };
		7024C3C21E0BEB7C0034E89F /* ProfileEditController.swift in Sources */ = {isa = PBXBuildFile; fileRef = 7024C3C11E0BEB7C0034E89F /* ProfileEditController.swift */; };
		704156E81DFB402C005898B9 /* AppDelegate.swift in Sources */ = {isa = PBXBuildFile; fileRef = 704156E71DFB402C005898B9 /* AppDelegate.swift */; };
		704156ED1DFB402C005898B9 /* Main.storyboard in Resources */ = {isa = PBXBuildFile; fileRef = 704156EB1DFB402C005898B9 /* Main.storyboard */; };
		704156EF1DFB402C005898B9 /* Assets.xcassets in Resources */ = {isa = PBXBuildFile; fileRef = 704156EE1DFB402C005898B9 /* Assets.xcassets */; };
		7058ECEF1DFB4C6500BB0E99 /* stylesheet.cas in Resources */ = {isa = PBXBuildFile; fileRef = 7058ECEE1DFB4C6500BB0E99 /* stylesheet.cas */; };
		705A95881DFC32B9002F2A9D /* ProfileviewController.swift in Sources */ = {isa = PBXBuildFile; fileRef = 705A95871DFC32B9002F2A9D /* ProfileviewController.swift */; };
		7066D6AF1E0BF70C000DDD5C /* ProfileService.swift in Sources */ = {isa = PBXBuildFile; fileRef = 7066D6AE1E0BF70C000DDD5C /* ProfileService.swift */; };
		706E2F1C1DFB52EB00254A08 /* Profile.swift in Sources */ = {isa = PBXBuildFile; fileRef = 706E2F1B1DFB52EB00254A08 /* Profile.swift */; };
		72BDFBE5D733202311A0EA6A /* Pods_be_friendbook_ios.framework in Frameworks */ = {isa = PBXBuildFile; fileRef = 54477C7A049BBED5532337E9 /* Pods_be_friendbook_ios.framework */; };
/* End PBXBuildFile section */

/* Begin PBXFileReference section */
		54477C7A049BBED5532337E9 /* Pods_be_friendbook_ios.framework */ = {isa = PBXFileReference; explicitFileType = wrapper.framework; includeInIndex = 0; path = Pods_be_friendbook_ios.framework; sourceTree = BUILT_PRODUCTS_DIR; };
		7024C3BD1E0BEB260034E89F /* ProfileNewController.swift */ = {isa = PBXFileReference; fileEncoding = 4; lastKnownFileType = sourcecode.swift; path = ProfileNewController.swift; sourceTree = "<group>"; };
		7024C3C11E0BEB7C0034E89F /* ProfileEditController.swift */ = {isa = PBXFileReference; fileEncoding = 4; lastKnownFileType = sourcecode.swift; path = ProfileEditController.swift; sourceTree = "<group>"; };
		704156E41DFB402C005898B9 /* be.friendbook.ios.app */ = {isa = PBXFileReference; explicitFileType = wrapper.application; includeInIndex = 0; path = be.friendbook.ios.app; sourceTree = BUILT_PRODUCTS_DIR; };
		704156E71DFB402C005898B9 /* AppDelegate.swift */ = {isa = PBXFileReference; lastKnownFileType = sourcecode.swift; path = AppDelegate.swift; sourceTree = "<group>"; };
		704156EC1DFB402C005898B9 /* Base */ = {isa = PBXFileReference; lastKnownFileType = file.storyboard; name = Base; path = Base.lproj/Main.storyboard; sourceTree = "<group>"; };
		704156EE1DFB402C005898B9 /* Assets.xcassets */ = {isa = PBXFileReference; lastKnownFileType = folder.assetcatalog; path = Assets.xcassets; sourceTree = "<group>"; };
		704156F31DFB402C005898B9 /* Info.plist */ = {isa = PBXFileReference; lastKnownFileType = text.plist.xml; path = Info.plist; sourceTree = "<group>"; };
		7058ECEE1DFB4C6500BB0E99 /* stylesheet.cas */ = {isa = PBXFileReference; fileEncoding = 4; lastKnownFileType = text; path = stylesheet.cas; sourceTree = "<group>"; };
		705A95871DFC32B9002F2A9D /* ProfileviewController.swift */ = {isa = PBXFileReference; fileEncoding = 4; lastKnownFileType = sourcecode.swift; path = ProfileviewController.swift; sourceTree = "<group>"; };
		7066D6AE1E0BF70C000DDD5C /* ProfileService.swift */ = {isa = PBXFileReference; fileEncoding = 4; lastKnownFileType = sourcecode.swift; path = ProfileService.swift; sourceTree = "<group>"; };
		706E2F1B1DFB52EB00254A08 /* Profile.swift */ = {isa = PBXFileReference; fileEncoding = 4; lastKnownFileType = sourcecode.swift; path = Profile.swift; sourceTree = "<group>"; };
		A6A13B6A55F5FA5B1897EB90 /* Pods-be.friendbook.ios.release.xcconfig */ = {isa = PBXFileReference; includeInIndex = 1; lastKnownFileType = text.xcconfig; name = "Pods-be.friendbook.ios.release.xcconfig"; path = "Pods/Target Support Files/Pods-be.friendbook.ios/Pods-be.friendbook.ios.release.xcconfig"; sourceTree = "<group>"; };
		AA6C9DC3D732A21128C38245 /* Pods-be.friendbook.ios.debug.xcconfig */ = {isa = PBXFileReference; includeInIndex = 1; lastKnownFileType = text.xcconfig; name = "Pods-be.friendbook.ios.debug.xcconfig"; path = "Pods/Target Support Files/Pods-be.friendbook.ios/Pods-be.friendbook.ios.debug.xcconfig"; sourceTree = "<group>"; };
/* End PBXFileReference section */

/* Begin PBXFrameworksBuildPhase section */
		704156E11DFB402C005898B9 /* Frameworks */ = {
			isa = PBXFrameworksBuildPhase;
			buildActionMask = 2147483647;
			files = (
				72BDFBE5D733202311A0EA6A /* Pods_be_friendbook_ios.framework in Frameworks */,
			);
			runOnlyForDeploymentPostprocessing = 0;
		};
/* End PBXFrameworksBuildPhase section */

/* Begin PBXGroup section */
		179ACF62E1FAA5FF910B21C1 /* Pods */ = {
			isa = PBXGroup;
			children = (
				AA6C9DC3D732A21128C38245 /* Pods-be.friendbook.ios.debug.xcconfig */,
				A6A13B6A55F5FA5B1897EB90 /* Pods-be.friendbook.ios.release.xcconfig */,
			);
			name = Pods;
			sourceTree = "<group>";
		};
		7024C3C01E0BEB390034E89F /* controllers */ = {
			isa = PBXGroup;
			children = (
				705A95871DFC32B9002F2A9D /* ProfileviewController.swift */,
				7024C3BD1E0BEB260034E89F /* ProfileNewController.swift */,
				7024C3C11E0BEB7C0034E89F /* ProfileEditController.swift */,
			);
			name = controllers;
			sourceTree = "<group>";
		};
		704156DB1DFB402C005898B9 = {
			isa = PBXGroup;
			children = (
				704156E61DFB402C005898B9 /* be.friendbook.ios */,
				704156E51DFB402C005898B9 /* Products */,
				179ACF62E1FAA5FF910B21C1 /* Pods */,
				EEC88023CE7D8B93D7619285 /* Frameworks */,
			);
			sourceTree = "<group>";
		};
		704156E51DFB402C005898B9 /* Products */ = {
			isa = PBXGroup;
			children = (
				704156E41DFB402C005898B9 /* be.friendbook.ios.app */,
			);
			name = Products;
			sourceTree = "<group>";
		};
		704156E61DFB402C005898B9 /* be.friendbook.ios */ = {
			isa = PBXGroup;
			children = (
				706E2F181DFB519200254A08 /* model */,
				7066D6B01E0BF711000DDD5C /* services */,
				7024C3C01E0BEB390034E89F /* controllers */,
				704156E71DFB402C005898B9 /* AppDelegate.swift */,
				704156EB1DFB402C005898B9 /* Main.storyboard */,
				704156EE1DFB402C005898B9 /* Assets.xcassets */,
				704156F31DFB402C005898B9 /* Info.plist */,
				7058ECEE1DFB4C6500BB0E99 /* stylesheet.cas */,
			);
			path = be.friendbook.ios;
			sourceTree = "<group>";
		};
		7066D6B01E0BF711000DDD5C /* services */ = {
			isa = PBXGroup;
			children = (
				7066D6AE1E0BF70C000DDD5C /* ProfileService.swift */,
			);
			name = services;
			sourceTree = "<group>";
		};
		706E2F181DFB519200254A08 /* model */ = {
			isa = PBXGroup;
			children = (
				706E2F1B1DFB52EB00254A08 /* Profile.swift */,
			);
			name = model;
			sourceTree = "<group>";
		};
		EEC88023CE7D8B93D7619285 /* Frameworks */ = {
			isa = PBXGroup;
			children = (
				54477C7A049BBED5532337E9 /* Pods_be_friendbook_ios.framework */,
			);
			name = Frameworks;
			sourceTree = "<group>";
		};
/* End PBXGroup section */

/* Begin PBXNativeTarget section */
		704156E31DFB402C005898B9 /* be.friendbook.ios */ = {
			isa = PBXNativeTarget;
			buildConfigurationList = 704156F61DFB402C005898B9 /* Build configuration list for PBXNativeTarget "be.friendbook.ios" */;
			buildPhases = (
				F6F761E85EAA78A4C348081C /* [CP] Check Pods Manifest.lock */,
				704156E01DFB402C005898B9 /* Sources */,
				704156E11DFB402C005898B9 /* Frameworks */,
				704156E21DFB402C005898B9 /* Resources */,
				0F431AC5A9CAFDD2A60AEBEB /* [CP] Embed Pods Frameworks */,
				1551CFAD9996332B7AE2682E /* [CP] Copy Pods Resources */,
			);
			buildRules = (
			);
			dependencies = (
			);
			name = be.friendbook.ios;
			productName = be.friendbook.ios;
			productReference = 704156E41DFB402C005898B9 /* be.friendbook.ios.app */;
			productType = "com.apple.product-type.application";
		};
/* End PBXNativeTarget section */

/* Begin PBXProject section */
		704156DC1DFB402C005898B9 /* Project object */ = {
			isa = PBXProject;
			attributes = {
				LastSwiftUpdateCheck = 0810;
				LastUpgradeCheck = 0810;
				ORGANIZATIONNAME = "Kasper Cools";
				TargetAttributes = {
					704156E31DFB402C005898B9 = {
						CreatedOnToolsVersion = 8.1;
						ProvisioningStyle = Automatic;
					};
				};
			};
			buildConfigurationList = 704156DF1DFB402C005898B9 /* Build configuration list for PBXProject "be.friendbook.ios" */;
			compatibilityVersion = "Xcode 3.2";
			developmentRegion = English;
			hasScannedForEncodings = 0;
			knownRegions = (
				en,
				Base,
			);
			mainGroup = 704156DB1DFB402C005898B9;
			productRefGroup = 704156E51DFB402C005898B9 /* Products */;
			projectDirPath = "";
			projectRoot = "";
			targets = (
				704156E31DFB402C005898B9 /* be.friendbook.ios */,
			);
		};
/* End PBXProject section */

/* Begin PBXResourcesBuildPhase section */
		704156E21DFB402C005898B9 /* Resources */ = {
			isa = PBXResourcesBuildPhase;
			buildActionMask = 2147483647;
			files = (
				7058ECEF1DFB4C6500BB0E99 /* stylesheet.cas in Resources */,
				704156EF1DFB402C005898B9 /* Assets.xcassets in Resources */,
				704156ED1DFB402C005898B9 /* Main.storyboard in Resources */,
			);
			runOnlyForDeploymentPostprocessing = 0;
		};
/* End PBXResourcesBuildPhase section */

/* Begin PBXShellScriptBuildPhase section */
		0F431AC5A9CAFDD2A60AEBEB /* [CP] Embed Pods Frameworks */ = {
			isa = PBXShellScriptBuildPhase;
			buildActionMask = 2147483647;
			files = (
			);
			inputPaths = (
			);
			name = "[CP] Embed Pods Frameworks";
			outputPaths = (
			);
			runOnlyForDeploymentPostprocessing = 0;
			shellPath = /bin/sh;
			shellScript = "\"${SRCROOT}/Pods/Target Support Files/Pods-be.friendbook.ios/Pods-be.friendbook.ios-frameworks.sh\"\n";
			showEnvVarsInLog = 0;
		};
		1551CFAD9996332B7AE2682E /* [CP] Copy Pods Resources */ = {
			isa = PBXShellScriptBuildPhase;
			buildActionMask = 2147483647;
			files = (
			);
			inputPaths = (
			);
			name = "[CP] Copy Pods Resources";
			outputPaths = (
			);
			runOnlyForDeploymentPostprocessing = 0;
			shellPath = /bin/sh;
			shellScript = "\"${SRCROOT}/Pods/Target Support Files/Pods-be.friendbook.ios/Pods-be.friendbook.ios-resources.sh\"\n";
			showEnvVarsInLog = 0;
		};
		F6F761E85EAA78A4C348081C /* [CP] Check Pods Manifest.lock */ = {
			isa = PBXShellScriptBuildPhase;
			buildActionMask = 2147483647;
			files = (
			);
			inputPaths = (
			);
			name = "[CP] Check Pods Manifest.lock";
			outputPaths = (
			);
			runOnlyForDeploymentPostprocessing = 0;
			shellPath = /bin/sh;
			shellScript = "diff \"${PODS_ROOT}/../Podfile.lock\" \"${PODS_ROOT}/Manifest.lock\" > /dev/null\nif [ $? != 0 ] ; then\n    # print error to STDERR\n    echo \"error: The sandbox is not in sync with the Podfile.lock. Run 'pod install' or update your CocoaPods installation.\" >&2\n    exit 1\nfi\n";
			showEnvVarsInLog = 0;
		};
/* End PBXShellScriptBuildPhase section */

/* Begin PBXSourcesBuildPhase section */
		704156E01DFB402C005898B9 /* Sources */ = {
			isa = PBXSourcesBuildPhase;
			buildActionMask = 2147483647;
			files = (
				7024C3C21E0BEB7C0034E89F /* ProfileEditController.swift in Sources */,
				7024C3BE1E0BEB260034E89F /* ProfileNewController.swift in Sources */,
				706E2F1C1DFB52EB00254A08 /* Profile.swift in Sources */,
				704156E81DFB402C005898B9 /* AppDelegate.swift in Sources */,
				705A95881DFC32B9002F2A9D /* ProfileviewController.swift in Sources */,
				7066D6AF1E0BF70C000DDD5C /* ProfileService.swift in Sources */,
			);
			runOnlyForDeploymentPostprocessing = 0;
		};
/* End PBXSourcesBuildPhase section */

/* Begin PBXVariantGroup section */
		704156EB1DFB402C005898B9 /* Main.storyboard */ = {
			isa = PBXVariantGroup;
			children = (
				704156EC1DFB402C005898B9 /* Base */,
			);
			name = Main.storyboard;
			sourceTree = "<group>";
		};
/* End PBXVariantGroup section */

/* Begin XCBuildConfiguration section */
		704156F41DFB402C005898B9 /* Debug */ = {
			isa = XCBuildConfiguration;
			buildSettings = {
				ALWAYS_SEARCH_USER_PATHS = NO;
				CLANG_ANALYZER_NONNULL = YES;
				CLANG_CXX_LANGUAGE_STANDARD = "gnu++0x";
				CLANG_CXX_LIBRARY = "libc++";
				CLANG_ENABLE_MODULES = YES;
				CLANG_ENABLE_OBJC_ARC = YES;
				CLANG_WARN_BOOL_CONVERSION = YES;
				CLANG_WARN_CONSTANT_CONVERSION = YES;
				CLANG_WARN_DIRECT_OBJC_ISA_USAGE = YES_ERROR;
				CLANG_WARN_DOCUMENTATION_COMMENTS = YES;
				CLANG_WARN_EMPTY_BODY = YES;
				CLANG_WARN_ENUM_CONVERSION = YES;
				CLANG_WARN_INFINITE_RECURSION = YES;
				CLANG_WARN_INT_CONVERSION = YES;
				CLANG_WARN_OBJC_ROOT_CLASS = YES_ERROR;
				CLANG_WARN_SUSPICIOUS_MOVES = YES;
				CLANG_WARN_UNREACHABLE_CODE = YES;
				CLANG_WARN__DUPLICATE_METHOD_MATCH = YES;
				"CODE_SIGN_IDENTITY[sdk=iphoneos*]" = "iPhone Developer";
				COPY_PHASE_STRIP = NO;
				DEBUG_INFORMATION_FORMAT = dwarf;
				ENABLE_STRICT_OBJC_MSGSEND = YES;
				ENABLE_TESTABILITY = YES;
				GCC_C_LANGUAGE_STANDARD = gnu99;
				GCC_DYNAMIC_NO_PIC = NO;
				GCC_NO_COMMON_BLOCKS = YES;
				GCC_OPTIMIZATION_LEVEL = 0;
				GCC_PREPROCESSOR_DEFINITIONS = (
					"DEBUG=1",
					"$(inherited)",
				);
				GCC_WARN_64_TO_32_BIT_CONVERSION = YES;
				GCC_WARN_ABOUT_RETURN_TYPE = YES_ERROR;
				GCC_WARN_UNDECLARED_SELECTOR = YES;
				GCC_WARN_UNINITIALIZED_AUTOS = YES_AGGRESSIVE;
				GCC_WARN_UNUSED_FUNCTION = YES;
				GCC_WARN_UNUSED_VARIABLE = YES;
				IPHONEOS_DEPLOYMENT_TARGET = 10.1;
				MTL_ENABLE_DEBUG_INFO = YES;
				ONLY_ACTIVE_ARCH = YES;
				SDKROOT = iphoneos;
				SWIFT_ACTIVE_COMPILATION_CONDITIONS = DEBUG;
				SWIFT_OPTIMIZATION_LEVEL = "-Onone";
			};
			name = Debug;
		};
		704156F51DFB402C005898B9 /* Release */ = {
			isa = XCBuildConfiguration;
			buildSettings = {
				ALWAYS_SEARCH_USER_PATHS = NO;
				CLANG_ANALYZER_NONNULL = YES;
				CLANG_CXX_LANGUAGE_STANDARD = "gnu++0x";
				CLANG_CXX_LIBRARY = "libc++";
				CLANG_ENABLE_MODULES = YES;
				CLANG_ENABLE_OBJC_ARC = YES;
				CLANG_WARN_BOOL_CONVERSION = YES;
				CLANG_WARN_CONSTANT_CONVERSION = YES;
				CLANG_WARN_DIRECT_OBJC_ISA_USAGE = YES_ERROR;
				CLANG_WARN_DOCUMENTATION_COMMENTS = YES;
				CLANG_WARN_EMPTY_BODY = YES;
				CLANG_WARN_ENUM_CONVERSION = YES;
				CLANG_WARN_INFINITE_RECURSION = YES;
				CLANG_WARN_INT_CONVERSION = YES;
				CLANG_WARN_OBJC_ROOT_CLASS = YES_ERROR;
				CLANG_WARN_SUSPICIOUS_MOVES = YES;
				CLANG_WARN_UNREACHABLE_CODE = YES;
				CLANG_WARN__DUPLICATE_METHOD_MATCH = YES;
				"CODE_SIGN_IDENTITY[sdk=iphoneos*]" = "iPhone Developer";
				COPY_PHASE_STRIP = NO;
				DEBUG_INFORMATION_FORMAT = "dwarf-with-dsym";
				ENABLE_NS_ASSERTIONS = NO;
				ENABLE_STRICT_OBJC_MSGSEND = YES;
				GCC_C_LANGUAGE_STANDARD = gnu99;
				GCC_NO_COMMON_BLOCKS = YES;
				GCC_WARN_64_TO_32_BIT_CONVERSION = YES;
				GCC_WARN_ABOUT_RETURN_TYPE = YES_ERROR;
				GCC_WARN_UNDECLARED_SELECTOR = YES;
				GCC_WARN_UNINITIALIZED_AUTOS = YES_AGGRESSIVE;
				GCC_WARN_UNUSED_FUNCTION = YES;
				GCC_WARN_UNUSED_VARIABLE = YES;
				IPHONEOS_DEPLOYMENT_TARGET = 10.1;
				MTL_ENABLE_DEBUG_INFO = NO;
				SDKROOT = iphoneos;
				SWIFT_OPTIMIZATION_LEVEL = "-Owholemodule";
				VALIDATE_PRODUCT = YES;
			};
			name = Release;
		};
		704156F71DFB402C005898B9 /* Debug */ = {
			isa = XCBuildConfiguration;
			baseConfigurationReference = AA6C9DC3D732A21128C38245 /* Pods-be.friendbook.ios.debug.xcconfig */;
			buildSettings = {
				ASSETCATALOG_COMPILER_APPICON_NAME = AppIcon;
				INFOPLIST_FILE = be.friendbook.ios/Info.plist;
				LD_RUNPATH_SEARCH_PATHS = "$(inherited) @executable_path/Frameworks";
				PRODUCT_BUNDLE_IDENTIFIER = "be.vives.be-friendbook-ios";
				PRODUCT_NAME = "$(TARGET_NAME)";
				SWIFT_VERSION = 3.0;
			};
			name = Debug;
		};
		704156F81DFB402C005898B9 /* Release */ = {
			isa = XCBuildConfiguration;
			baseConfigurationReference = A6A13B6A55F5FA5B1897EB90 /* Pods-be.friendbook.ios.release.xcconfig */;
			buildSettings = {
				ASSETCATALOG_COMPILER_APPICON_NAME = AppIcon;
				INFOPLIST_FILE = be.friendbook.ios/Info.plist;
				LD_RUNPATH_SEARCH_PATHS = "$(inherited) @executable_path/Frameworks";
				PRODUCT_BUNDLE_IDENTIFIER = "be.vives.be-friendbook-ios";
				PRODUCT_NAME = "$(TARGET_NAME)";
				SWIFT_VERSION = 3.0;
			};
			name = Release;
		};
/* End XCBuildConfiguration section */

/* Begin XCConfigurationList section */
		704156DF1DFB402C005898B9 /* Build configuration list for PBXProject "be.friendbook.ios" */ = {
			isa = XCConfigurationList;
			buildConfigurations = (
				704156F41DFB402C005898B9 /* Debug */,
				704156F51DFB402C005898B9 /* Release */,
			);
			defaultConfigurationIsVisible = 0;
			defaultConfigurationName = Release;
		};
		704156F61DFB402C005898B9 /* Build configuration list for PBXNativeTarget "be.friendbook.ios" */ = {
			isa = XCConfigurationList;
			buildConfigurations = (
				704156F71DFB402C005898B9 /* Debug */,
				704156F81DFB402C005898B9 /* Release */,
			);
			defaultConfigurationIsVisible = 0;
			defaultConfigurationName = Release;
		};
/* End XCConfigurationList section */
	};
	rootObject = 704156DC1DFB402C005898B9 /* Project object */;
}
